
Microsoft Visual Studio Solution File, Format Version 12.00
# Visual Studio Version 16
VisualStudioVersion = 16.0.28822.285
MinimumVisualStudioVersion = 10.0.40219.1
Project("{FAE04EC0-301F-11D3-BF4B-00C04F79EFBC}") = "MathEngine", "MathEngine\MathEngine.csproj", "{851C8FBC-DA61-4810-A04B-AEB4A62EDA93}"
EndProject
Project("{FAE04EC0-301F-11D3-BF4B-00C04F79EFBC}") = "PiCalculator", "PiCalculator\PiCalculator.csproj", "{D90DEA61-D3DF-4664-8CC6-385F79B5EE81}"
EndProject
Project("{FAE04EC0-301F-11D3-BF4B-00C04F79EFBC}") = "PiCalculator_Classic", "PiCalculator_Classic\PiCalculator_Classic.csproj", "{5BC0FE44-0A22-4EE4-AC97-8ED5865D7114}"
EndProject
Project("{FAE04EC0-301F-11D3-BF4B-00C04F79EFBC}") = "MathLibary", "MathLibary\MathLibary.csproj", "{FA538D7C-858F-44B3-B2EA-73268D454D32}"
EndProject
Global
	GlobalSection(SolutionConfigurationPlatforms) = preSolution
		Debug|Any CPU = Debug|Any CPU
		Release|Any CPU = Release|Any CPU
	EndGlobalSection
	GlobalSection(ProjectConfigurationPlatforms) = postSolution
		{851C8FBC-DA61-4810-A04B-AEB4A62EDA93}.Debug|Any CPU.ActiveCfg = Debug|Any CPU
		{851C8FBC-DA61-4810-A04B-AEB4A62EDA93}.Debug|Any CPU.Build.0 = Debug|Any CPU
		{851C8FBC-DA61-4810-A04B-AEB4A62EDA93}.Release|Any CPU.ActiveCfg = Release|Any CPU
		{851C8FBC-DA61-4810-A04B-AEB4A62EDA93}.Release|Any CPU.Build.0 = Release|Any CPU
		{D90DEA61-D3DF-4664-8CC6-385F79B5EE81}.Debug|Any CPU.ActiveCfg = Debug|Any CPU
		{D90DEA61-D3DF-4664-8CC6-385F79B5EE81}.Debug|Any CPU.Build.0 = Debug|Any CPU
		{D90DEA61-D3DF-4664-8CC6-385F79B5EE81}.Release|Any CPU.ActiveCfg = Release|Any CPU
		{D90DEA61-D3DF-4664-8CC6-385F79B5EE81}.Release|Any CPU.Build.0 = Release|Any CPU
		{5BC0FE44-0A22-4EE4-AC97-8ED5865D7114}.Debug|Any CPU.ActiveCfg = Debug|Any CPU
		{5BC0FE44-0A22-4EE4-AC97-8ED5865D7114}.Debug|Any CPU.Build.0 = Debug|Any CPU
		{5BC0FE44-0A22-4EE4-AC97-8ED5865D7114}.Release|Any CPU.ActiveCfg = Release|Any CPU
		{5BC0FE44-0A22-4EE4-AC97-8ED5865D7114}.Release|Any CPU.Build.0 = Release|Any CPU
		{FA538D7C-858F-44B3-B2EA-73268D454D32}.Debug|Any CPU.ActiveCfg = Debug|Any CPU
		{FA538D7C-858F-44B3-B2EA-73268D454D32}.Debug|Any CPU.Build.0 = Debug|Any CPU
		{FA538D7C-858F-44B3-B2EA-73268D454D32}.Release|Any CPU.ActiveCfg = Release|Any CPU
		{FA538D7C-858F-44B3-B2EA-73268D454D32}.Release|Any CPU.Build.0 = Release|Any CPU
	EndGlobalSection
	GlobalSection(SolutionProperties) = preSolution
		HideSolutionNode = FALSE
	EndGlobalSection
	GlobalSection(ExtensibilityGlobals) = postSolution
		SolutionGuid = {D4252A6E-E702-49D4-8988-42971D78026B}
	EndGlobalSection
EndGlobal
